// !$*UTF8*$!
{
	archiveVersion = 1;
	classes = {
	};
	objectVersion = 50;
	objects = {

/* Begin PBXBuildFile section */
		79758BE1251B8A8600CFAFA0 /* AppDelegate.swift in Sources */ = {isa = PBXBuildFile; fileRef = 79758BE0251B8A8600CFAFA0 /* AppDelegate.swift */; };
		79758BE3251B8A8600CFAFA0 /* SceneDelegate.swift in Sources */ = {isa = PBXBuildFile; fileRef = 79758BE2251B8A8600CFAFA0 /* SceneDelegate.swift */; };
		79758BE5251B8A8600CFAFA0 /* ContentView.swift in Sources */ = {isa = PBXBuildFile; fileRef = 79758BE4251B8A8600CFAFA0 /* ContentView.swift */; };
		79758BE7251B8A8800CFAFA0 /* Assets.xcassets in Resources */ = {isa = PBXBuildFile; fileRef = 79758BE6251B8A8800CFAFA0 /* Assets.xcassets */; };
		79758BEA251B8A8800CFAFA0 /* Preview Assets.xcassets in Resources */ = {isa = PBXBuildFile; fileRef = 79758BE9251B8A8800CFAFA0 /* Preview Assets.xcassets */; };
		79758BED251B8A8800CFAFA0 /* LaunchScreen.storyboard in Resources */ = {isa = PBXBuildFile; fileRef = 79758BEB251B8A8800CFAFA0 /* LaunchScreen.storyboard */; };
/* End PBXBuildFile section */

/* Begin PBXFileReference section */
		79758BDD251B8A8600CFAFA0 /* ClipToPathBug.app */ = {isa = PBXFileReference; explicitFileType = wrapper.application; includeInIndex = 0; path = ClipToPathBug.app; sourceTree = BUILT_PRODUCTS_DIR; };
		79758BE0251B8A8600CFAFA0 /* AppDelegate.swift */ = {isa = PBXFileReference; lastKnownFileType = sourcecode.swift; path = AppDelegate.swift; sourceTree = "<group>"; };
		79758BE2251B8A8600CFAFA0 /* SceneDelegate.swift */ = {isa = PBXFileReference; lastKnownFileType = sourcecode.swift; path = SceneDelegate.swift; sourceTree = "<group>"; };
		79758BE4251B8A8600CFAFA0 /* ContentView.swift */ = {isa = PBXFileReference; lastKnownFileType = sourcecode.swift; path = ContentView.swift; sourceTree = "<group>"; };
		79758BE6251B8A8800CFAFA0 /* Assets.xcassets */ = {isa = PBXFileReference; lastKnownFileType = folder.assetcatalog; path = Assets.xcassets; sourceTree = "<group>"; };
		79758BE9251B8A8800CFAFA0 /* Preview Assets.xcassets */ = {isa = PBXFileReference; lastKnownFileType = folder.assetcatalog; path = "Preview Assets.xcassets"; sourceTree = "<group>"; };
		79758BEC251B8A8800CFAFA0 /* Base */ = {isa = PBXFileReference; lastKnownFileType = file.storyboard; name = Base; path = Base.lproj/LaunchScreen.storyboard; sourceTree = "<group>"; };
		79758BEE251B8A8800CFAFA0 /* Info.plist */ = {isa = PBXFileReference; lastKnownFileType = text.plist.xml; path = Info.plist; sourceTree = "<group>"; };
		79758BF6251B8FAB00CFAFA0 /* ClipToPathBug.entitlements */ = {isa = PBXFileReference; lastKnownFileType = text.plist.entitlements; path = ClipToPathBug.entitlements; sourceTree = "<group>"; };
/* End PBXFileReference section */

/* Begin PBXFrameworksBuildPhase section */
		79758BDA251B8A8600CFAFA0 /* Frameworks */ = {
			isa = PBXFrameworksBuildPhase;
			buildActionMask = 2147483647;
			files = (
			);
			runOnlyForDeploymentPostprocessing = 0;
		};
/* End PBXFrameworksBuildPhase section */

/* Begin PBXGroup section */
		79758BD4251B8A8600CFAFA0 = {
			isa = PBXGroup;
			children = (
				79758BDF251B8A8600CFAFA0 /* ClipToPathBug */,
				79758BDE251B8A8600CFAFA0 /* Products */,
			);
			sourceTree = "<group>";
		};
		79758BDE251B8A8600CFAFA0 /* Products */ = {
			isa = PBXGroup;
			children = (
				79758BDD251B8A8600CFAFA0 /* ClipToPathBug.app */,
			);
			name = Products;
			sourceTree = "<group>";
		};
		79758BDF251B8A8600CFAFA0 /* ClipToPathBug */ = {
			isa = PBXGroup;
			children = (
				79758BF6251B8FAB00CFAFA0 /* ClipToPathBug.entitlements */,
				79758BE0251B8A8600CFAFA0 /* AppDelegate.swift */,
				79758BE2251B8A8600CFAFA0 /* SceneDelegate.swift */,
				79758BE4251B8A8600CFAFA0 /* ContentView.swift */,
				79758BE6251B8A8800CFAFA0 /* Assets.xcassets */,
				79758BEB251B8A8800CFAFA0 /* LaunchScreen.storyboard */,
				79758BEE251B8A8800CFAFA0 /* Info.plist */,
				79758BE8251B8A8800CFAFA0 /* Preview Content */,
			);
			path = ClipToPathBug;
			sourceTree = "<group>";
		};
		79758BE8251B8A8800CFAFA0 /* Preview Content */ = {
			isa = PBXGroup;
			children = (
				79758BE9251B8A8800CFAFA0 /* Preview Assets.xcassets */,
			);
			path = "Preview Content";
			sourceTree = "<group>";
		};
/* End PBXGroup section */

/* Begin PBXNativeTarget section */
		79758BDC251B8A8600CFAFA0 /* ClipToPathBug */ = {
			isa = PBXNativeTarget;
			buildConfigurationList = 79758BF1251B8A8800CFAFA0 /* Build configuration list for PBXNativeTarget "ClipToPathBug" */;
			buildPhases = (
				79758BD9251B8A8600CFAFA0 /* Sources */,
				79758BDA251B8A8600CFAFA0 /* Frameworks */,
				79758BDB251B8A8600CFAFA0 /* Resources */,
			);
			buildRules = (
			);
			dependencies = (
			);
			name = ClipToPathBug;
			productName = ClipToPathBug;
			productReference = 79758BDD251B8A8600CFAFA0 /* ClipToPathBug.app */;
			productType = "com.apple.product-type.application";
		};
/* End PBXNativeTarget section */

/* Begin PBXProject section */
		79758BD5251B8A8600CFAFA0 /* Project object */ = {
			isa = PBXProject;
			attributes = {
				LastSwiftUpdateCheck = 1200;
				LastUpgradeCheck = 1200;
				TargetAttributes = {
					79758BDC251B8A8600CFAFA0 = {
						CreatedOnToolsVersion = 12.0;
					};
				};
			};
			buildConfigurationList = 79758BD8251B8A8600CFAFA0 /* Build configuration list for PBXProject "ClipToPathBug" */;
			compatibilityVersion = "Xcode 9.3";
			developmentRegion = en;
			hasScannedForEncodings = 0;
			knownRegions = (
				en,
				Base,
			);
			mainGroup = 79758BD4251B8A8600CFAFA0;
			productRefGroup = 79758BDE251B8A8600CFAFA0 /* Products */;
			projectDirPath = "";
			projectRoot = "";
			targets = (
				79758BDC251B8A8600CFAFA0 /* ClipToPathBug */,
			);
		};
/* End PBXProject section */

/* Begin PBXResourcesBuildPhase section */
		79758BDB251B8A8600CFAFA0 /* Resources */ = {
			isa = PBXResourcesBuildPhase;
			buildActionMask = 2147483647;
			files = (
				79758BED251B8A8800CFAFA0 /* LaunchScreen.storyboard in Resources */,
				79758BEA251B8A8800CFAFA0 /* Preview Assets.xcassets in Resources */,
				79758BE7251B8A8800CFAFA0 /* Assets.xcassets in Resources */,
			);
			runOnlyForDeploymentPostprocessing = 0;
		};
/* End PBXResourcesBuildPhase section */

/* Begin PBXSourcesBuildPhase section */
		79758BD9251B8A8600CFAFA0 /* Sources */ = {
			isa = PBXSourcesBuildPhase;
			buildActionMask = 2147483647;
			files = (
				79758BE1251B8A8600CFAFA0 /* AppDelegate.swift in Sources */,
				79758BE3251B8A8600CFAFA0 /* SceneDelegate.swift in Sources */,
				79758BE5251B8A8600CFAFA0 /* ContentView.swift in Sources */,
			);
			runOnlyForDeploymentPostprocessing = 0;
		};
/* End PBXSourcesBuildPhase section */

/* Begin PBXVariantGroup section */
		79758BEB251B8A8800CFAFA0 /* LaunchScreen.storyboard */ = {
			isa = PBXVariantGroup;
			children = (
				79758BEC251B8A8800CFAFA0 /* Base */,
			);
			name = LaunchScreen.storyboard;
			sourceTree = "<group>";
		};
/* End PBXVariantGroup section */

/* Begin XCBuildConfiguration section */
		79758BEF251B8A8800CFAFA0 /* Debug */ = {
			isa = XCBuildConfiguration;
			buildSettings = {
				ALWAYS_SEARCH_USER_PATHS = NO;
				CLANG_ANALYZER_NONNULL = YES;
				CLANG_ANALYZER_NUMBER_OBJECT_CONVERSION = YES_AGGRESSIVE;
				CLANG_CXX_LANGUAGE_STANDARD = "gnu++14";
				CLANG_CXX_LIBRARY = "libc++";
				CLANG_ENABLE_MODULES = YES;
				CLANG_ENABLE_OBJC_ARC = YES;
				CLANG_ENABLE_OBJC_WEAK = YES;
				CLANG_WARN_BLOCK_CAPTURE_AUTORELEASING = YES;
				CLANG_WARN_BOOL_CONVERSION = YES;
				CLANG_WARN_COMMA = YES;
				CLANG_WARN_CONSTANT_CONVERSION = YES;
				CLANG_WARN_DEPRECATED_OBJC_IMPLEMENTATIONS = YES;
				CLANG_WARN_DIRECT_OBJC_ISA_USAGE = YES_ERROR;
				CLANG_WARN_DOCUMENTATION_COMMENTS = YES;
				CLANG_WARN_EMPTY_BODY = YES;
				CLANG_WARN_ENUM_CONVERSION = YES;
				CLANG_WARN_INFINITE_RECURSION = YES;
				CLANG_WARN_INT_CONVERSION = YES;
				CLANG_WARN_NON_LITERAL_NULL_CONVERSION = YES;
				CLANG_WARN_OBJC_IMPLICIT_RETAIN_SELF = YES;
				CLANG_WARN_OBJC_LITERAL_CONVERSION = YES;
				CLANG_WARN_OBJC_ROOT_CLASS = YES_ERROR;
				CLANG_WARN_QUOTED_INCLUDE_IN_FRAMEWORK_HEADER = YES;
				CLANG_WARN_RANGE_LOOP_ANALYSIS = YES;
				CLANG_WARN_STRICT_PROTOTYPES = YES;
				CLANG_WARN_SUSPICIOUS_MOVE = YES;
				CLANG_WARN_UNGUARDED_AVAILABILITY = YES_AGGRESSIVE;
				CLANG_WARN_UNREACHABLE_CODE = YES;
				CLANG_WARN__DUPLICATE_METHOD_MATCH = YES;
				COPY_PHASE_STRIP = NO;
				DEBUG_INFORMATION_FORMAT = dwarf;
				ENABLE_STRICT_OBJC_MSGSEND = YES;
				ENABLE_TESTABILITY = YES;
				GCC_C_LANGUAGE_STANDARD = gnu11;
				GCC_DYNAMIC_NO_PIC = NO;
				GCC_NO_COMMON_BLOCKS = YES;
				GCC_OPTIMIZATION_LEVEL = 0;
				GCC_PREPROCESSOR_DEFINITIONS = (
					"DEBUG=1",
					"$(inherited)",
				);
				GCC_WARN_64_TO_32_BIT_CONVERSION = YES;
				GCC_WARN_ABOUT_RETURN_TYPE = YES_ERROR;
				GCC_WARN_UNDECLARED_SELECTOR = YES;
				GCC_WARN_UNINITIALIZED_AUTOS = YES_AGGRESSIVE;
				GCC_WARN_UNUSED_FUNCTION = YES;
				GCC_WARN_UNUSED_VARIABLE = YES;
				IPHONEOS_DEPLOYMENT_TARGET = 14.0;
				MTL_ENABLE_DEBUG_INFO = INCLUDE_SOURCE;
				MTL_FAST_MATH = YES;
				ONLY_ACTIVE_ARCH = YES;
				SDKROOT = iphoneos;
				SWIFT_ACTIVE_COMPILATION_CONDITIONS = DEBUG;
				SWIFT_OPTIMIZATION_LEVEL = "-Onone";
			};
			name = Debug;
		};
		79758BF0251B8A8800CFAFA0 /* Release */ = {
			isa = XCBuildConfiguration;
			buildSettings = {
				ALWAYS_SEARCH_USER_PATHS = NO;
				CLANG_ANALYZER_NONNULL = YES;
				CLANG_ANALYZER_NUMBER_OBJECT_CONVERSION = YES_AGGRESSIVE;
				CLANG_CXX_LANGUAGE_STANDARD = "gnu++14";
				CLANG_CXX_LIBRARY = "libc++";
				CLANG_ENABLE_MODULES = YES;
				CLANG_ENABLE_OBJC_ARC = YES;
				CLANG_ENABLE_OBJC_WEAK = YES;
				CLANG_WARN_BLOCK_CAPTURE_AUTORELEASING = YES;
				CLANG_WARN_BOOL_CONVERSION = YES;
				CLANG_WARN_COMMA = YES;
				CLANG_WARN_CONSTANT_CONVERSION = YES;
				CLANG_WARN_DEPRECATED_OBJC_IMPLEMENTATIONS = YES;
				CLANG_WARN_DIRECT_OBJC_ISA_USAGE = YES_ERROR;
				CLANG_WARN_DOCUMENTATION_COMMENTS = YES;
				CLANG_WARN_EMPTY_BODY = YES;
				CLANG_WARN_ENUM_CONVERSION = YES;
				CLANG_WARN_INFINITE_RECURSION = YES;
				CLANG_WARN_INT_CONVERSION = YES;
				CLANG_WARN_NON_LITERAL_NULL_CONVERSION = YES;
				CLANG_WARN_OBJC_IMPLICIT_RETAIN_SELF = YES;
				CLANG_WARN_OBJC_LITERAL_CONVERSION = YES;
				CLANG_WARN_OBJC_ROOT_CLASS = YES_ERROR;
				CLANG_WARN_QUOTED_INCLUDE_IN_FRAMEWORK_HEADER = YES;
				CLANG_WARN_RANGE_LOOP_ANALYSIS = YES;
				CLANG_WARN_STRICT_PROTOTYPES = YES;
				CLANG_WARN_SUSPICIOUS_MOVE = YES;
				CLANG_WARN_UNGUARDED_AVAILABILITY = YES_AGGRESSIVE;
				CLANG_WARN_UNREACHABLE_CODE = YES;
				CLANG_WARN__DUPLICATE_METHOD_MATCH = YES;
				COPY_PHASE_STRIP = NO;
				DEBUG_INFORMATION_FORMAT = "dwarf-with-dsym";
				ENABLE_NS_ASSERTIONS = NO;
				ENABLE_STRICT_OBJC_MSGSEND = YES;
				GCC_C_LANGUAGE_STANDARD = gnu11;
				GCC_NO_COMMON_BLOCKS = YES;
				GCC_WARN_64_TO_32_BIT_CONVERSION = YES;
				GCC_WARN_ABOUT_RETURN_TYPE = YES_ERROR;
				GCC_WARN_UNDECLARED_SELECTOR = YES;
				GCC_WARN_UNINITIALIZED_AUTOS = YES_AGGRESSIVE;
				GCC_WARN_UNUSED_FUNCTION = YES;
				GCC_WARN_UNUSED_VARIABLE = YES;
				IPHONEOS_DEPLOYMENT_TARGET = 14.0;
				MTL_ENABLE_DEBUG_INFO = NO;
				MTL_FAST_MATH = YES;
				SDKROOT = iphoneos;
				SWIFT_COMPILATION_MODE = wholemodule;
				SWIFT_OPTIMIZATION_LEVEL = "-O";
				VALIDATE_PRODUCT = YES;
			};
			name = Release;
		};
		79758BF2251B8A8800CFAFA0 /* Debug */ = {
			isa = XCBuildConfiguration;
			buildSettings = {
				ASSETCATALOG_COMPILER_APPICON_NAME = AppIcon;
				ASSETCATALOG_COMPILER_GLOBAL_ACCENT_COLOR_NAME = AccentColor;
				CODE_SIGN_ENTITLEMENTS = ClipToPathBug/ClipToPathBug.entitlements;
				CODE_SIGN_STYLE = Automatic;
				DEVELOPMENT_ASSET_PATHS = "\"ClipToPathBug/Preview Content\"";
				DEVELOPMENT_TEAM = "";
				ENABLE_PREVIEWS = YES;
				INFOPLIST_FILE = ClipToPathBug/Info.plist;
				IPHONEOS_DEPLOYMENT_TARGET = 13.5;
				LD_RUNPATH_SEARCH_PATHS = (
					"$(inherited)",
					"@executable_path/Frameworks",
				);
				PRODUCT_BUNDLE_IDENTIFIER = com.noodlfroot.ios.swiftui.ClipToPathBug;
				PRODUCT_NAME = "$(TARGET_NAME)";
				SUPPORTS_MACCATALYST = YES;
				SWIFT_VERSION = 5.0;
				TARGETED_DEVICE_FAMILY = "1,2";
			};
			name = Debug;
		};
		79758BF3251B8A8800CFAFA0 /* Release */ = {
			isa = XCBuildConfiguration;
			buildSettings = {
				ASSETCATALOG_COMPILER_APPICON_NAME = AppIcon;
				ASSETCATALOG_COMPILER_GLOBAL_ACCENT_COLOR_NAME = AccentColor;
				CODE_SIGN_ENTITLEMENTS = ClipToPathBug/ClipToPathBug.entitlements;
				CODE_SIGN_STYLE = Automatic;
				DEVELOPMENT_ASSET_PATHS = "\"ClipToPathBug/Preview Content\"";
				DEVELOPMENT_TEAM = "";
				ENABLE_PREVIEWS = YES;
				INFOPLIST_FILE = ClipToPathBug/Info.plist;
				IPHONEOS_DEPLOYMENT_TARGET = 13.5;
				LD_RUNPATH_SEARCH_PATHS = (
					"$(inherited)",
					"@executable_path/Frameworks",
				);
				PRODUCT_BUNDLE_IDENTIFIER = com.noodlfroot.ios.swiftui.ClipToPathBug;
				PRODUCT_NAME = "$(TARGET_NAME)";
				SUPPORTS_MACCATALYST = YES;
				SWIFT_VERSION = 5.0;
				TARGETED_DEVICE_FAMILY = "1,2";
			};
			name = Release;
		};
/* End XCBuildConfiguration section */

/* Begin XCConfigurationList section */
		79758BD8251B8A8600CFAFA0 /* Build configuration list for PBXProject "ClipToPathBug" */ = {
			isa = XCConfigurationList;
			buildConfigurations = (
				79758BEF251B8A8800CFAFA0 /* Debug */,
				79758BF0251B8A8800CFAFA0 /* Release */,
			);
			defaultConfigurationIsVisible = 0;
			defaultConfigurationName = Release;
		};
		79758BF1251B8A8800CFAFA0 /* Build configuration list for PBXNativeTarget "ClipToPathBug" */ = {
			isa = XCConfigurationList;
			buildConfigurations = (
				79758BF2251B8A8800CFAFA0 /* Debug */,
				79758BF3251B8A8800CFAFA0 /* Release */,
			);
			defaultConfigurationIsVisible = 0;
			defaultConfigurationName = Release;
		};
/* End XCConfigurationList section */
	};
	rootObject = 79758BD5251B8A8600CFAFA0 /* Project object */;
}
